
Microsoft Visual Studio Solution File, Format Version 12.00
# Visual Studio Version 17
VisualStudioVersion = 17.8.34330.188
MinimumVisualStudioVersion = 10.0.40219.1
Project("{FAE04EC0-301F-11D3-BF4B-00C04F79EFBC}") = "DaviAraujoSochaDesk", "NomeSobreNomeDESK\DaviAraujoSochaDesk.csproj", "{C588C80B-003B-4EE4-8280-47138F1094E6}"
EndProject
Project("{FAE04EC0-301F-11D3-BF4B-00C04F79EFBC}") = "DaviAraujoSochaClass", "NomeSobreNomeClass\DaviAraujoSochaClass.csproj", "{61480A15-594B-4C5F-999D-C9F267D1AB46}"
EndProject
Global
	GlobalSection(SolutionConfigurationPlatforms) = preSolution
		Debug|Any CPU = Debug|Any CPU
		Release|Any CPU = Release|Any CPU
	EndGlobalSection
	GlobalSection(ProjectConfigurationPlatforms) = postSolution
		{C588C80B-003B-4EE4-8280-47138F1094E6}.Debug|Any CPU.ActiveCfg = Debug|Any CPU
		{C588C80B-003B-4EE4-8280-47138F1094E6}.Debug|Any CPU.Build.0 = Debug|Any CPU
		{C588C80B-003B-4EE4-8280-47138F1094E6}.Release|Any CPU.ActiveCfg = Release|Any CPU
		{C588C80B-003B-4EE4-8280-47138F1094E6}.Release|Any CPU.Build.0 = Release|Any CPU
		{61480A15-594B-4C5F-999D-C9F267D1AB46}.Debug|Any CPU.ActiveCfg = Debug|Any CPU
		{61480A15-594B-4C5F-999D-C9F267D1AB46}.Debug|Any CPU.Build.0 = Debug|Any CPU
		{61480A15-594B-4C5F-999D-C9F267D1AB46}.Release|Any CPU.ActiveCfg = Release|Any CPU
		{61480A15-594B-4C5F-999D-C9F267D1AB46}.Release|Any CPU.Build.0 = Release|Any CPU
	EndGlobalSection
	GlobalSection(SolutionProperties) = preSolution
		HideSolutionNode = FALSE
	EndGlobalSection
	GlobalSection(ExtensibilityGlobals) = postSolution
		SolutionGuid = {24ED1E53-605A-45D8-92BD-C52AD734C04E}
	EndGlobalSection
EndGlobal
